// !$*UTF8*$!
{
	archiveVersion = 1;
	classes = {
	};
	objectVersion = 55;
	objects = {

/* Begin PBXBuildFile section */
		796727E5282B6D1900E78BCF /* AppDelegate.m in Sources */ = {isa = PBXBuildFile; fileRef = 796727E4282B6D1900E78BCF /* AppDelegate.m */; };
		796727EE282B6D1900E78BCF /* Main.storyboard in Resources */ = {isa = PBXBuildFile; fileRef = 796727EC282B6D1900E78BCF /* Main.storyboard */; };
		796727F0282B6D1A00E78BCF /* Assets.xcassets in Resources */ = {isa = PBXBuildFile; fileRef = 796727EF282B6D1A00E78BCF /* Assets.xcassets */; };
		796727F3282B6D1A00E78BCF /* LaunchScreen.storyboard in Resources */ = {isa = PBXBuildFile; fileRef = 796727F1282B6D1A00E78BCF /* LaunchScreen.storyboard */; };
		796727F6282B6D1A00E78BCF /* main.m in Sources */ = {isa = PBXBuildFile; fileRef = 796727F5282B6D1A00E78BCF /* main.m */; };
		796727FF282B70C100E78BCF /* KeyChainViewController.m in Sources */ = {isa = PBXBuildFile; fileRef = 796727FE282B70C100E78BCF /* KeyChainViewController.m */; };
/* End PBXBuildFile section */

/* Begin PBXFileReference section */
		796727E0282B6D1900E78BCF /* LocalCacheDemo.app */ = {isa = PBXFileReference; explicitFileType = wrapper.application; includeInIndex = 0; path = LocalCacheDemo.app; sourceTree = BUILT_PRODUCTS_DIR; };
		796727E3282B6D1900E78BCF /* AppDelegate.h */ = {isa = PBXFileReference; lastKnownFileType = sourcecode.c.h; path = AppDelegate.h; sourceTree = "<group>"; };
		796727E4282B6D1900E78BCF /* AppDelegate.m */ = {isa = PBXFileReference; lastKnownFileType = sourcecode.c.objc; path = AppDelegate.m; sourceTree = "<group>"; };
		796727ED282B6D1900E78BCF /* Base */ = {isa = PBXFileReference; lastKnownFileType = file.storyboard; name = Base; path = Base.lproj/Main.storyboard; sourceTree = "<group>"; };
		796727EF282B6D1A00E78BCF /* Assets.xcassets */ = {isa = PBXFileReference; lastKnownFileType = folder.assetcatalog; path = Assets.xcassets; sourceTree = "<group>"; };
		796727F2282B6D1A00E78BCF /* Base */ = {isa = PBXFileReference; lastKnownFileType = file.storyboard; name = Base; path = Base.lproj/LaunchScreen.storyboard; sourceTree = "<group>"; };
		796727F4282B6D1A00E78BCF /* Info.plist */ = {isa = PBXFileReference; lastKnownFileType = text.plist.xml; path = Info.plist; sourceTree = "<group>"; };
		796727F5282B6D1A00E78BCF /* main.m */ = {isa = PBXFileReference; lastKnownFileType = sourcecode.c.objc; path = main.m; sourceTree = "<group>"; };
		796727FD282B70C100E78BCF /* KeyChainViewController.h */ = {isa = PBXFileReference; lastKnownFileType = sourcecode.c.h; path = KeyChainViewController.h; sourceTree = "<group>"; };
		796727FE282B70C100E78BCF /* KeyChainViewController.m */ = {isa = PBXFileReference; lastKnownFileType = sourcecode.c.objc; path = KeyChainViewController.m; sourceTree = "<group>"; };
/* End PBXFileReference section */

/* Begin PBXFrameworksBuildPhase section */
		796727DD282B6D1900E78BCF /* Frameworks */ = {
			isa = PBXFrameworksBuildPhase;
			buildActionMask = 2147483647;
			files = (
			);
			runOnlyForDeploymentPostprocessing = 0;
		};
/* End PBXFrameworksBuildPhase section */

/* Begin PBXGroup section */
		796727D7282B6D1900E78BCF = {
			isa = PBXGroup;
			children = (
				796727E2282B6D1900E78BCF /* LocalCacheDemo */,
				796727E1282B6D1900E78BCF /* Products */,
			);
			sourceTree = "<group>";
		};
		796727E1282B6D1900E78BCF /* Products */ = {
			isa = PBXGroup;
			children = (
				796727E0282B6D1900E78BCF /* LocalCacheDemo.app */,
			);
			name = Products;
			sourceTree = "<group>";
		};
		796727E2282B6D1900E78BCF /* LocalCacheDemo */ = {
			isa = PBXGroup;
			children = (
				79672800282B70D800E78BCF /* KeyChain */,
				796727FC282B706300E78BCF /* supportingFiles */,
				796727F4282B6D1A00E78BCF /* Info.plist */,
			);
			path = LocalCacheDemo;
			sourceTree = "<group>";
		};
		796727FC282B706300E78BCF /* supportingFiles */ = {
			isa = PBXGroup;
			children = (
				796727E3282B6D1900E78BCF /* AppDelegate.h */,
				796727E4282B6D1900E78BCF /* AppDelegate.m */,
				796727EC282B6D1900E78BCF /* Main.storyboard */,
				796727EF282B6D1A00E78BCF /* Assets.xcassets */,
				796727F1282B6D1A00E78BCF /* LaunchScreen.storyboard */,
				796727F5282B6D1A00E78BCF /* main.m */,
			);
			path = supportingFiles;
			sourceTree = "<group>";
		};
		79672800282B70D800E78BCF /* KeyChain */ = {
			isa = PBXGroup;
			children = (
				796727FD282B70C100E78BCF /* KeyChainViewController.h */,
				796727FE282B70C100E78BCF /* KeyChainViewController.m */,
			);
			name = KeyChain;
			path = ../KeyChain;
			sourceTree = "<group>";
		};
/* End PBXGroup section */

/* Begin PBXNativeTarget section */
		796727DF282B6D1900E78BCF /* LocalCacheDemo */ = {
			isa = PBXNativeTarget;
			buildConfigurationList = 796727F9282B6D1A00E78BCF /* Build configuration list for PBXNativeTarget "LocalCacheDemo" */;
			buildPhases = (
				796727DC282B6D1900E78BCF /* Sources */,
				796727DD282B6D1900E78BCF /* Frameworks */,
				796727DE282B6D1900E78BCF /* Resources */,
			);
			buildRules = (
			);
			dependencies = (
			);
			name = LocalCacheDemo;
			productName = LocalCacheDemo;
			productReference = 796727E0282B6D1900E78BCF /* LocalCacheDemo.app */;
			productType = "com.apple.product-type.application";
		};
/* End PBXNativeTarget section */

/* Begin PBXProject section */
		796727D8282B6D1900E78BCF /* Project object */ = {
			isa = PBXProject;
			attributes = {
				BuildIndependentTargetsInParallel = 1;
				LastUpgradeCheck = 1330;
				TargetAttributes = {
					796727DF282B6D1900E78BCF = {
						CreatedOnToolsVersion = 13.3.1;
					};
				};
			};
			buildConfigurationList = 796727DB282B6D1900E78BCF /* Build configuration list for PBXProject "LocalCacheDemo" */;
			compatibilityVersion = "Xcode 13.0";
			developmentRegion = en;
			hasScannedForEncodings = 0;
			knownRegions = (
				en,
				Base,
			);
			mainGroup = 796727D7282B6D1900E78BCF;
			productRefGroup = 796727E1282B6D1900E78BCF /* Products */;
			projectDirPath = "";
			projectRoot = "";
			targets = (
				796727DF282B6D1900E78BCF /* LocalCacheDemo */,
			);
		};
/* End PBXProject section */

/* Begin PBXResourcesBuildPhase section */
		796727DE282B6D1900E78BCF /* Resources */ = {
			isa = PBXResourcesBuildPhase;
			buildActionMask = 2147483647;
			files = (
				796727F3282B6D1A00E78BCF /* LaunchScreen.storyboard in Resources */,
				796727F0282B6D1A00E78BCF /* Assets.xcassets in Resources */,
				796727EE282B6D1900E78BCF /* Main.storyboard in Resources */,
			);
			runOnlyForDeploymentPostprocessing = 0;
		};
/* End PBXResourcesBuildPhase section */

/* Begin PBXSourcesBuildPhase section */
		796727DC282B6D1900E78BCF /* Sources */ = {
			isa = PBXSourcesBuildPhase;
			buildActionMask = 2147483647;
			files = (
				796727E5282B6D1900E78BCF /* AppDelegate.m in Sources */,
				796727FF282B70C100E78BCF /* KeyChainViewController.m in Sources */,
				796727F6282B6D1A00E78BCF /* main.m in Sources */,
			);
			runOnlyForDeploymentPostprocessing = 0;
		};
/* End PBXSourcesBuildPhase section */

/* Begin PBXVariantGroup section */
		796727EC282B6D1900E78BCF /* Main.storyboard */ = {
			isa = PBXVariantGroup;
			children = (
				796727ED282B6D1900E78BCF /* Base */,
			);
			name = Main.storyboard;
			sourceTree = "<group>";
		};
		796727F1282B6D1A00E78BCF /* LaunchScreen.storyboard */ = {
			isa = PBXVariantGroup;
			children = (
				796727F2282B6D1A00E78BCF /* Base */,
			);
			name = LaunchScreen.storyboard;
			sourceTree = "<group>";
		};
/* End PBXVariantGroup section */

/* Begin XCBuildConfiguration section */
		796727F7282B6D1A00E78BCF /* Debug */ = {
			isa = XCBuildConfiguration;
			buildSettings = {
				ALWAYS_SEARCH_USER_PATHS = NO;
				CLANG_ANALYZER_NONNULL = YES;
				CLANG_ANALYZER_NUMBER_OBJECT_CONVERSION = YES_AGGRESSIVE;
				CLANG_CXX_LANGUAGE_STANDARD = "gnu++17";
				CLANG_ENABLE_MODULES = YES;
				CLANG_ENABLE_OBJC_ARC = YES;
				CLANG_ENABLE_OBJC_WEAK = YES;
				CLANG_WARN_BLOCK_CAPTURE_AUTORELEASING = YES;
				CLANG_WARN_BOOL_CONVERSION = YES;
				CLANG_WARN_COMMA = YES;
				CLANG_WARN_CONSTANT_CONVERSION = YES;
				CLANG_WARN_DEPRECATED_OBJC_IMPLEMENTATIONS = YES;
				CLANG_WARN_DIRECT_OBJC_ISA_USAGE = YES_ERROR;
				CLANG_WARN_DOCUMENTATION_COMMENTS = YES;
				CLANG_WARN_EMPTY_BODY = YES;
				CLANG_WARN_ENUM_CONVERSION = YES;
				CLANG_WARN_INFINITE_RECURSION = YES;
				CLANG_WARN_INT_CONVERSION = YES;
				CLANG_WARN_NON_LITERAL_NULL_CONVERSION = YES;
				CLANG_WARN_OBJC_IMPLICIT_RETAIN_SELF = YES;
				CLANG_WARN_OBJC_LITERAL_CONVERSION = YES;
				CLANG_WARN_OBJC_ROOT_CLASS = YES_ERROR;
				CLANG_WARN_QUOTED_INCLUDE_IN_FRAMEWORK_HEADER = YES;
				CLANG_WARN_RANGE_LOOP_ANALYSIS = YES;
				CLANG_WARN_STRICT_PROTOTYPES = YES;
				CLANG_WARN_SUSPICIOUS_MOVE = YES;
				CLANG_WARN_UNGUARDED_AVAILABILITY = YES_AGGRESSIVE;
				CLANG_WARN_UNREACHABLE_CODE = YES;
				CLANG_WARN__DUPLICATE_METHOD_MATCH = YES;
				COPY_PHASE_STRIP = NO;
				DEBUG_INFORMATION_FORMAT = dwarf;
				ENABLE_STRICT_OBJC_MSGSEND = YES;
				ENABLE_TESTABILITY = YES;
				GCC_C_LANGUAGE_STANDARD = gnu11;
				GCC_DYNAMIC_NO_PIC = NO;
				GCC_NO_COMMON_BLOCKS = YES;
				GCC_OPTIMIZATION_LEVEL = 0;
				GCC_PREPROCESSOR_DEFINITIONS = (
					"DEBUG=1",
					"$(inherited)",
				);
				GCC_WARN_64_TO_32_BIT_CONVERSION = YES;
				GCC_WARN_ABOUT_RETURN_TYPE = YES_ERROR;
				GCC_WARN_UNDECLARED_SELECTOR = YES;
				GCC_WARN_UNINITIALIZED_AUTOS = YES_AGGRESSIVE;
				GCC_WARN_UNUSED_FUNCTION = YES;
				GCC_WARN_UNUSED_VARIABLE = YES;
				IPHONEOS_DEPLOYMENT_TARGET = 15.4;
				MTL_ENABLE_DEBUG_INFO = INCLUDE_SOURCE;
				MTL_FAST_MATH = YES;
				ONLY_ACTIVE_ARCH = YES;
				SDKROOT = iphoneos;
			};
			name = Debug;
		};
		796727F8282B6D1A00E78BCF /* Release */ = {
			isa = XCBuildConfiguration;
			buildSettings = {
				ALWAYS_SEARCH_USER_PATHS = NO;
				CLANG_ANALYZER_NONNULL = YES;
				CLANG_ANALYZER_NUMBER_OBJECT_CONVERSION = YES_AGGRESSIVE;
				CLANG_CXX_LANGUAGE_STANDARD = "gnu++17";
				CLANG_ENABLE_MODULES = YES;
				CLANG_ENABLE_OBJC_ARC = YES;
				CLANG_ENABLE_OBJC_WEAK = YES;
				CLANG_WARN_BLOCK_CAPTURE_AUTORELEASING = YES;
				CLANG_WARN_BOOL_CONVERSION = YES;
				CLANG_WARN_COMMA = YES;
				CLANG_WARN_CONSTANT_CONVERSION = YES;
				CLANG_WARN_DEPRECATED_OBJC_IMPLEMENTATIONS = YES;
				CLANG_WARN_DIRECT_OBJC_ISA_USAGE = YES_ERROR;
				CLANG_WARN_DOCUMENTATION_COMMENTS = YES;
				CLANG_WARN_EMPTY_BODY = YES;
				CLANG_WARN_ENUM_CONVERSION = YES;
				CLANG_WARN_INFINITE_RECURSION = YES;
				CLANG_WARN_INT_CONVERSION = YES;
				CLANG_WARN_NON_LITERAL_NULL_CONVERSION = YES;
				CLANG_WARN_OBJC_IMPLICIT_RETAIN_SELF = YES;
				CLANG_WARN_OBJC_LITERAL_CONVERSION = YES;
				CLANG_WARN_OBJC_ROOT_CLASS = YES_ERROR;
				CLANG_WARN_QUOTED_INCLUDE_IN_FRAMEWORK_HEADER = YES;
				CLANG_WARN_RANGE_LOOP_ANALYSIS = YES;
				CLANG_WARN_STRICT_PROTOTYPES = YES;
				CLANG_WARN_SUSPICIOUS_MOVE = YES;
				CLANG_WARN_UNGUARDED_AVAILABILITY = YES_AGGRESSIVE;
				CLANG_WARN_UNREACHABLE_CODE = YES;
				CLANG_WARN__DUPLICATE_METHOD_MATCH = YES;
				COPY_PHASE_STRIP = NO;
				DEBUG_INFORMATION_FORMAT = "dwarf-with-dsym";
				ENABLE_NS_ASSERTIONS = NO;
				ENABLE_STRICT_OBJC_MSGSEND = YES;
				GCC_C_LANGUAGE_STANDARD = gnu11;
				GCC_NO_COMMON_BLOCKS = YES;
				GCC_WARN_64_TO_32_BIT_CONVERSION = YES;
				GCC_WARN_ABOUT_RETURN_TYPE = YES_ERROR;
				GCC_WARN_UNDECLARED_SELECTOR = YES;
				GCC_WARN_UNINITIALIZED_AUTOS = YES_AGGRESSIVE;
				GCC_WARN_UNUSED_FUNCTION = YES;
				GCC_WARN_UNUSED_VARIABLE = YES;
				IPHONEOS_DEPLOYMENT_TARGET = 15.4;
				MTL_ENABLE_DEBUG_INFO = NO;
				MTL_FAST_MATH = YES;
				SDKROOT = iphoneos;
				VALIDATE_PRODUCT = YES;
			};
			name = Release;
		};
		796727FA282B6D1A00E78BCF /* Debug */ = {
			isa = XCBuildConfiguration;
			buildSettings = {
				ASSETCATALOG_COMPILER_APPICON_NAME = AppIcon;
				ASSETCATALOG_COMPILER_GLOBAL_ACCENT_COLOR_NAME = AccentColor;
				CODE_SIGN_STYLE = Automatic;
				CURRENT_PROJECT_VERSION = 1;
				DEVELOPMENT_TEAM = H7M6YJA3XP;
				GENERATE_INFOPLIST_FILE = YES;
				INFOPLIST_FILE = LocalCacheDemo/Info.plist;
				INFOPLIST_KEY_UIApplicationSupportsIndirectInputEvents = YES;
				INFOPLIST_KEY_UILaunchStoryboardName = LaunchScreen;
				INFOPLIST_KEY_UIMainStoryboardFile = Main;
				INFOPLIST_KEY_UISupportedInterfaceOrientations_iPad = "UIInterfaceOrientationPortrait UIInterfaceOrientationPortraitUpsideDown UIInterfaceOrientationLandscapeLeft UIInterfaceOrientationLandscapeRight";
				INFOPLIST_KEY_UISupportedInterfaceOrientations_iPhone = "UIInterfaceOrientationPortrait UIInterfaceOrientationLandscapeLeft UIInterfaceOrientationLandscapeRight";
				LD_RUNPATH_SEARCH_PATHS = (
					"$(inherited)",
					"@executable_path/Frameworks",
				);
				MARKETING_VERSION = 1.0;
				PRODUCT_BUNDLE_IDENTIFIER = com.goggles.LocalCacheDemo;
				PRODUCT_NAME = "$(TARGET_NAME)";
				SWIFT_EMIT_LOC_STRINGS = YES;
				TARGETED_DEVICE_FAMILY = "1,2";
			};
			name = Debug;
		};
		796727FB282B6D1A00E78BCF /* Release */ = {
			isa = XCBuildConfiguration;
			buildSettings = {
				ASSETCATALOG_COMPILER_APPICON_NAME = AppIcon;
				ASSETCATALOG_COMPILER_GLOBAL_ACCENT_COLOR_NAME = AccentColor;
				CODE_SIGN_STYLE = Automatic;
				CURRENT_PROJECT_VERSION = 1;
				DEVELOPMENT_TEAM = H7M6YJA3XP;
				GENERATE_INFOPLIST_FILE = YES;
				INFOPLIST_FILE = LocalCacheDemo/Info.plist;
				INFOPLIST_KEY_UIApplicationSupportsIndirectInputEvents = YES;
				INFOPLIST_KEY_UILaunchStoryboardName = LaunchScreen;
				INFOPLIST_KEY_UIMainStoryboardFile = Main;
				INFOPLIST_KEY_UISupportedInterfaceOrientations_iPad = "UIInterfaceOrientationPortrait UIInterfaceOrientationPortraitUpsideDown UIInterfaceOrientationLandscapeLeft UIInterfaceOrientationLandscapeRight";
				INFOPLIST_KEY_UISupportedInterfaceOrientations_iPhone = "UIInterfaceOrientationPortrait UIInterfaceOrientationLandscapeLeft UIInterfaceOrientationLandscapeRight";
				LD_RUNPATH_SEARCH_PATHS = (
					"$(inherited)",
					"@executable_path/Frameworks",
				);
				MARKETING_VERSION = 1.0;
				PRODUCT_BUNDLE_IDENTIFIER = com.goggles.LocalCacheDemo;
				PRODUCT_NAME = "$(TARGET_NAME)";
				SWIFT_EMIT_LOC_STRINGS = YES;
				TARGETED_DEVICE_FAMILY = "1,2";
			};
			name = Release;
		};
/* End XCBuildConfiguration section */

/* Begin XCConfigurationList section */
		796727DB282B6D1900E78BCF /* Build configuration list for PBXProject "LocalCacheDemo" */ = {
			isa = XCConfigurationList;
			buildConfigurations = (
				796727F7282B6D1A00E78BCF /* Debug */,
				796727F8282B6D1A00E78BCF /* Release */,
			);
			defaultConfigurationIsVisible = 0;
			defaultConfigurationName = Release;
		};
		796727F9282B6D1A00E78BCF /* Build configuration list for PBXNativeTarget "LocalCacheDemo" */ = {
			isa = XCConfigurationList;
			buildConfigurations = (
				796727FA282B6D1A00E78BCF /* Debug */,
				796727FB282B6D1A00E78BCF /* Release */,
			);
			defaultConfigurationIsVisible = 0;
			defaultConfigurationName = Release;
		};
/* End XCConfigurationList section */
	};
	rootObject = 796727D8282B6D1900E78BCF /* Project object */;
}
